Microsoft Visual Studio Solution File, Format Version 12.00
# Visual Studio Version 16
VisualStudioVersion = 16.0.30804.86
MinimumVisualStudioVersion = 10.0.40219.1
Project("{8BC9CEB8-8B4A-11D0-8D11-00A0C91BC942}") = "BDSpyrunner", "BDSpyrunner.vcxproj", "{B6DEABF7-7610-4025-A6CD-19E83386DF2D}"
EndProject
Global
	GlobalSection(SolutionConfigurationPlatforms) = preSolution
		Debug|x64 = Debug|x64
		Release|x64 = Release|x64
	EndGlobalSection
	GlobalSection(ProjectConfigurationPlatforms) = postSolution
		{B6DEABF7-7610-4025-A6CD-19E83386DF2D}.Debug|x64.ActiveCfg = Debug|x64
		{B6DEABF7-7610-4025-A6CD-19E83386DF2D}.Debug|x64.Build.0 = Debug|x64
		{B6DEABF7-7610-4025-A6CD-19E83386DF2D}.Release|x64.ActiveCfg = Release|x64
		{B6DEABF7-7610-4025-A6CD-19E83386DF2D}.Release|x64.Build.0 = Release|x64
	EndGlobalSection
	GlobalSection(SolutionProperties) = preSolution
		HideSolutionNode = FALSE
	EndGlobalSection
	GlobalSection(ExtensibilityGlobals) = postSolution
		SolutionGuid = {83C6C128-CC16-4B1A-BBCE-3BD678865B93}
	EndGlobalSection
EndGlobal
