
Microsoft Visual Studio Solution File, Format Version 12.00
# Visual Studio Version 16
VisualStudioVersion = 16.0.29503.13
MinimumVisualStudioVersion = 10.0.40219.1
Project("{8BC9CEB8-8B4A-11D0-8D11-00A0C91BC942}") = "BDSpyrunner", "BDSpyrunner\BDSpyrunner.vcxproj", "{100D6E01-80EA-496D-BFF3-E2C510D94653}"
EndProject
Global
	GlobalSection(SolutionConfigurationPlatforms) = preSolution
		Debug|x64 = Debug|x64
		Debug|x86 = Debug|x86
		Release|x64 = Release|x64
		Release|x86 = Release|x86
	EndGlobalSection
	GlobalSection(ProjectConfigurationPlatforms) = postSolution
		{100D6E01-80EA-496D-BFF3-E2C510D94653}.Debug|x64.ActiveCfg = Release|x64
		{100D6E01-80EA-496D-BFF3-E2C510D94653}.Debug|x64.Build.0 = Release|x64
		{100D6E01-80EA-496D-BFF3-E2C510D94653}.Debug|x86.ActiveCfg = Release|x64
		{100D6E01-80EA-496D-BFF3-E2C510D94653}.Release|x64.ActiveCfg = Release|x64
		{100D6E01-80EA-496D-BFF3-E2C510D94653}.Release|x64.Build.0 = Release|x64
		{100D6E01-80EA-496D-BFF3-E2C510D94653}.Release|x86.ActiveCfg = Release|x64
	EndGlobalSection
	GlobalSection(SolutionProperties) = preSolution
		HideSolutionNode = FALSE
	EndGlobalSection
	GlobalSection(ExtensibilityGlobals) = postSolution
		SolutionGuid = {953BC28C-83C9-4D3E-BECB-581C6097C002}
	EndGlobalSection
EndGlobal
