<?xml version="1.0" encoding="utf-8"?>
<Project ToolsVersion="4.0" xmlns="http://schemas.microsoft.com/developer/msbuild/2003">
  <ItemGroup>
    <ClCompile Include="插件模块.cpp" />
    <ClCompile Include="预编译头.cpp">
      <Filter>其它文件</Filter>
    </ClCompile>
  </ItemGroup>
  <ItemGroup>
    <ClInclude Include="结构体.hpp" />
    <ClInclude Include="预编译头.h">
      <Filter>其它文件</Filter>
    </ClInclude>
  </ItemGroup>
  <ItemGroup>
    <Filter Include="其它文件">
      <UniqueIdentifier>{99e61392-8d50-4da7-a485-087a00ff6429}</UniqueIdentifier>
    </Filter>
  </ItemGroup>
  <ItemGroup>
    <Library Include="chakra.lib">
      <Filter>其它文件</Filter>
    </Library>
    <Library Include="python39.lib">
      <Filter>其它文件</Filter>
    </Library>
  </ItemGroup>
</Project>